# THIS IS AN AUTOGENERATED FILE. DO NOT EDIT THIS FILE DIRECTLY.
# yarn lockfile v1


nes.css@^2.2.1:
  version "2.2.1"
  resolved "https://registry.yarnpkg.com/nes.css/-/nes.css-2.2.1.tgz#afcde091356f319851b8715d2803a2100e503f19"
  integrity sha512-TlO0e7YCi69/wfyHCo5+FD5C+UhCkSThU4qg7/guRBIovVaq1MYs1RMKI2Pjf1lowNM3PBDHl1HHtND4aMOg+Q==
